
Microsoft Visual Studio Solution File, Format Version 12.00
# Visual Studio Version 16
VisualStudioVersion = 16.0.30802.185
MinimumVisualStudioVersion = 10.0.40219.1
Project("{FAE04EC0-301F-11D3-BF4B-00C04F79EFBC}") = "Gamelife", "Gamelife\Gamelife.csproj", "{E1147107-92F3-4935-A3D7-56E5E3D60DD1}"
EndProject
Global
	GlobalSection(SolutionConfigurationPlatforms) = preSolution
		Debug|Any CPU = Debug|Any CPU
		Release|Any CPU = Release|Any CPU
	EndGlobalSection
	GlobalSection(ProjectConfigurationPlatforms) = postSolution
		{E1147107-92F3-4935-A3D7-56E5E3D60DD1}.Debug|Any CPU.ActiveCfg = Debug|Any CPU
		{E1147107-92F3-4935-A3D7-56E5E3D60DD1}.Debug|Any CPU.Build.0 = Debug|Any CPU
		{E1147107-92F3-4935-A3D7-56E5E3D60DD1}.Release|Any CPU.ActiveCfg = Release|Any CPU
		{E1147107-92F3-4935-A3D7-56E5E3D60DD1}.Release|Any CPU.Build.0 = Release|Any CPU
	EndGlobalSection
	GlobalSection(SolutionProperties) = preSolution
		HideSolutionNode = FALSE
	EndGlobalSection
	GlobalSection(ExtensibilityGlobals) = postSolution
		SolutionGuid = {AB42C188-BEB9-4DB2-98B2-F5F9C5523DD9}
	EndGlobalSection
EndGlobal
